
Microsoft Visual Studio Solution File, Format Version 12.00
# Visual Studio Version 16
VisualStudioVersion = 16.0.29728.190
MinimumVisualStudioVersion = 10.0.40219.1
Project("{FAE04EC0-301F-11D3-BF4B-00C04F79EFBC}") = "SchoolNetwork", "SchoolNetwork.csproj", "{600C9A5C-6E66-43EF-A795-01CC4893BFAE}"
EndProject
Global
	GlobalSection(SolutionConfigurationPlatforms) = preSolution
		Debug|Any CPU = Debug|Any CPU
		Release|Any CPU = Release|Any CPU
	EndGlobalSection
	GlobalSection(ProjectConfigurationPlatforms) = postSolution
		{600C9A5C-6E66-43EF-A795-01CC4893BFAE}.Debug|Any CPU.ActiveCfg = Debug|Any CPU
		{600C9A5C-6E66-43EF-A795-01CC4893BFAE}.Debug|Any CPU.Build.0 = Debug|Any CPU
		{600C9A5C-6E66-43EF-A795-01CC4893BFAE}.Release|Any CPU.ActiveCfg = Release|Any CPU
		{600C9A5C-6E66-43EF-A795-01CC4893BFAE}.Release|Any CPU.Build.0 = Release|Any CPU
	EndGlobalSection
	GlobalSection(SolutionProperties) = preSolution
		HideSolutionNode = FALSE
	EndGlobalSection
	GlobalSection(ExtensibilityGlobals) = postSolution
		SolutionGuid = {ED391796-65D8-4197-90E0-8B5FC89ACF6F}
	EndGlobalSection
EndGlobal
